
Microsoft Visual Studio Solution File, Format Version 12.00
# Visual Studio Version 16
VisualStudioVersion = 16.0.29209.62
MinimumVisualStudioVersion = 10.0.40219.1
Project("{9A19103F-16F7-4668-BE54-9A1E7A4F7556}") = "WebApplication1", "WebApplication1\WebApplication1.csproj", "{30DF4382-5415-499A-8798-69A832A876C5}"
EndProject
Project("{9A19103F-16F7-4668-BE54-9A1E7A4F7556}") = "CSharp", "ConsoleApp1\CSharp.csproj", "{13681673-224D-44FE-B255-C7EE1115D29B}"
EndProject
Project("{FAE04EC0-301F-11D3-BF4B-00C04F79EFBC}") = "CSharpTest", "CSharpTest\CSharpTest.csproj", "{17452306-09D2-42C3-84D2-21C3007E30EB}"
EndProject
Global
	GlobalSection(SolutionConfigurationPlatforms) = preSolution
		Debug|Any CPU = Debug|Any CPU
		Release|Any CPU = Release|Any CPU
	EndGlobalSection
	GlobalSection(ProjectConfigurationPlatforms) = postSolution
		{30DF4382-5415-499A-8798-69A832A876C5}.Debug|Any CPU.ActiveCfg = Debug|Any CPU
		{30DF4382-5415-499A-8798-69A832A876C5}.Debug|Any CPU.Build.0 = Debug|Any CPU
		{30DF4382-5415-499A-8798-69A832A876C5}.Release|Any CPU.ActiveCfg = Release|Any CPU
		{30DF4382-5415-499A-8798-69A832A876C5}.Release|Any CPU.Build.0 = Release|Any CPU
		{13681673-224D-44FE-B255-C7EE1115D29B}.Debug|Any CPU.ActiveCfg = Debug|Any CPU
		{13681673-224D-44FE-B255-C7EE1115D29B}.Debug|Any CPU.Build.0 = Debug|Any CPU
		{13681673-224D-44FE-B255-C7EE1115D29B}.Release|Any CPU.ActiveCfg = Release|Any CPU
		{13681673-224D-44FE-B255-C7EE1115D29B}.Release|Any CPU.Build.0 = Release|Any CPU
		{17452306-09D2-42C3-84D2-21C3007E30EB}.Debug|Any CPU.ActiveCfg = Debug|Any CPU
		{17452306-09D2-42C3-84D2-21C3007E30EB}.Debug|Any CPU.Build.0 = Debug|Any CPU
		{17452306-09D2-42C3-84D2-21C3007E30EB}.Release|Any CPU.ActiveCfg = Release|Any CPU
		{17452306-09D2-42C3-84D2-21C3007E30EB}.Release|Any CPU.Build.0 = Release|Any CPU
	EndGlobalSection
	GlobalSection(SolutionProperties) = preSolution
		HideSolutionNode = FALSE
	EndGlobalSection
	GlobalSection(ExtensibilityGlobals) = postSolution
		SolutionGuid = {3D658146-FC2A-402D-BA0F-8F6A99799E0F}
	EndGlobalSection
EndGlobal
